{
	"name": "sqorn",
	"version": "0.0.18",
	"lockfileVersion": 1,
	"requires": true,
	"dependencies": {
		"lodash.snakecase": {
			"version": "4.1.1",
			"resolved": "https://registry.npmjs.org/lodash.snakecase/-/lodash.snakecase-4.1.1.tgz",
			"integrity": "sha1-OdcUo1NXFHg3rv1ktdy7Fr7Nj40="
		}
	}
}
