{
	"name": "sqorn-pg",
	"version": "0.0.0",
	"lockfileVersion": 1,
	"requires": true,
	"dependencies": {
		"buffer-writer": {
			"version": "1.0.1",
			"resolved": "https://registry.npmjs.org/buffer-writer/-/buffer-writer-1.0.1.tgz",
			"integrity": "sha1-Iqk2kB4wKa/NdUfrRIfOtpejvwg="
		},
		"lodash.camelcase": {
			"version": "4.3.0",
			"resolved": "https://registry.npmjs.org/lodash.camelcase/-/lodash.camelcase-4.3.0.tgz",
			"integrity": "sha1-soqmKIorn8ZRA1x3EfZathkDMaY="
		},
		"packet-reader": {
			"version": "0.3.1",
			"resolved": "https://registry.npmjs.org/packet-reader/-/packet-reader-0.3.1.tgz",
			"integrity": "sha1-zWLmCvjX/qinBexP+ZCHHEaHHyc="
		},
		"pg": {
			"version": "7.4.3",
			"resolved": "https://registry.npmjs.org/pg/-/pg-7.4.3.tgz",
			"integrity": "sha1-97b5P1NA7MJZavu5ShPj1rYJg0s=",
			"requires": {
				"buffer-writer": "1.0.1",
				"packet-reader": "0.3.1",
				"pg-connection-string": "0.1.3",
				"pg-pool": "~2.0.3",
				"pg-types": "~1.12.1",
				"pgpass": "1.x",
				"semver": "4.3.2"
			}
		},
		"pg-connection-string": {
			"version": "0.1.3",
			"resolved": "https://registry.npmjs.org/pg-connection-string/-/pg-connection-string-0.1.3.tgz",
			"integrity": "sha1-2hhHsglA5C7hSSvq9l1J2RskXfc="
		},
		"pg-pool": {
			"version": "2.0.3",
			"resolved": "https://registry.npmjs.org/pg-pool/-/pg-pool-2.0.3.tgz",
			"integrity": "sha1-wCIDLIlJ8xKk+R+2QJzgQHa+Mlc="
		},
		"pg-types": {
			"version": "1.12.1",
			"resolved": "https://registry.npmjs.org/pg-types/-/pg-types-1.12.1.tgz",
			"integrity": "sha1-1kCH45A7WP+q0nnnWVxSIIoUw9I=",
			"requires": {
				"postgres-array": "~1.0.0",
				"postgres-bytea": "~1.0.0",
				"postgres-date": "~1.0.0",
				"postgres-interval": "^1.1.0"
			}
		},
		"pgpass": {
			"version": "1.0.2",
			"resolved": "https://registry.npmjs.org/pgpass/-/pgpass-1.0.2.tgz",
			"integrity": "sha1-Knu0G2BltnkH6R2hsHwYR8h3swY=",
			"requires": {
				"split": "^1.0.0"
			}
		},
		"postgres-array": {
			"version": "1.0.2",
			"resolved": "https://registry.npmjs.org/postgres-array/-/postgres-array-1.0.2.tgz",
			"integrity": "sha1-jgsy6wO/d6XAp4UeBEHBaaJWojg="
		},
		"postgres-bytea": {
			"version": "1.0.0",
			"resolved": "https://registry.npmjs.org/postgres-bytea/-/postgres-bytea-1.0.0.tgz",
			"integrity": "sha1-AntTPAqokOJtFy1Hz5zOzFIazTU="
		},
		"postgres-date": {
			"version": "1.0.3",
			"resolved": "https://registry.npmjs.org/postgres-date/-/postgres-date-1.0.3.tgz",
			"integrity": "sha1-4tiXAu/bJY/52c7g/pG9BpdSV6g="
		},
		"postgres-interval": {
			"version": "1.1.2",
			"resolved": "https://registry.npmjs.org/postgres-interval/-/postgres-interval-1.1.2.tgz",
			"integrity": "sha512-fC3xNHeTskCxL1dC8KOtxXt7YeFmlbTYtn7ul8MkVERuTmf7pI4DrkAxcw3kh1fQ9uz4wQmd03a1mRiXUZChfQ==",
			"requires": {
				"xtend": "^4.0.0"
			}
		},
		"semver": {
			"version": "4.3.2",
			"resolved": "https://registry.npmjs.org/semver/-/semver-4.3.2.tgz",
			"integrity": "sha1-x6BxWKgL7dBSNVt3DYLWZA+AO+c="
		},
		"split": {
			"version": "1.0.1",
			"resolved": "https://registry.npmjs.org/split/-/split-1.0.1.tgz",
			"integrity": "sha512-mTyOoPbrivtXnwnIxZRFYRrPNtEFKlpB2fvjSnCQUiAA6qAZzqwna5envK4uk6OIeP17CsdF3rSBGYVBsU0Tkg==",
			"requires": {
				"through": "2"
			}
		},
		"through": {
			"version": "2.3.8",
			"resolved": "https://registry.npmjs.org/through/-/through-2.3.8.tgz",
			"integrity": "sha1-DdTJ/6q8NXlgsbckEV1+Doai4fU="
		},
		"xtend": {
			"version": "4.0.1",
			"resolved": "https://registry.npmjs.org/xtend/-/xtend-4.0.1.tgz",
			"integrity": "sha1-pcbVMr5lbiPbgg77lDofBJmNY68="
		}
	}
}
